// !$*UTF8*$!
{
	archiveVersion = 1;
	classes = {
	};
	objectVersion = 56;
	objects = {

/* Begin PBXBuildFile section */
		841B93712B035FE200B03CA5 /* UserActionCell.swift in Sources */ = {isa = PBXBuildFile; fileRef = 841B93702B035FE200B03CA5 /* UserActionCell.swift */; };
		841B93772B036FD800B03CA5 /* UsersListController.swift in Sources */ = {isa = PBXBuildFile; fileRef = 841B93762B036FD800B03CA5 /* UsersListController.swift */; };
		841B93792B036FF700B03CA5 /* UserCell.swift in Sources */ = {isa = PBXBuildFile; fileRef = 841B93782B036FF700B03CA5 /* UserCell.swift */; };
		841B937E2B0372C000B03CA5 /* UserViewController.swift in Sources */ = {isa = PBXBuildFile; fileRef = 841B937D2B0372C000B03CA5 /* UserViewController.swift */; };
		841B93802B03756500B03CA5 /* NeworkManager.swift in Sources */ = {isa = PBXBuildFile; fileRef = 841B937F2B03756500B03CA5 /* NeworkManager.swift */; };
		845F37A82B00BD8900CB43BE /* AppDelegate.swift in Sources */ = {isa = PBXBuildFile; fileRef = 845F37A72B00BD8900CB43BE /* AppDelegate.swift */; };
		845F37AA2B00BD8900CB43BE /* SceneDelegate.swift in Sources */ = {isa = PBXBuildFile; fileRef = 845F37A92B00BD8900CB43BE /* SceneDelegate.swift */; };
		845F37B12B00BD8A00CB43BE /* Assets.xcassets in Resources */ = {isa = PBXBuildFile; fileRef = 845F37B02B00BD8A00CB43BE /* Assets.xcassets */; };
		845F37B42B00BD8A00CB43BE /* LaunchScreen.storyboard in Resources */ = {isa = PBXBuildFile; fileRef = 845F37B22B00BD8A00CB43BE /* LaunchScreen.storyboard */; };
		845F37C02B00CE5C00CB43BE /* MainViewController.swift in Sources */ = {isa = PBXBuildFile; fileRef = 845F37BE2B00CE5C00CB43BE /* MainViewController.swift */; };
		845F37C92B00D2B400CB43BE /* User.swift in Sources */ = {isa = PBXBuildFile; fileRef = 845F37C82B00D2B300CB43BE /* User.swift */; };
		845F37CB2B00D73A00CB43BE /* Main.storyboard in Resources */ = {isa = PBXBuildFile; fileRef = 845F37CA2B00D73A00CB43BE /* Main.storyboard */; };
		84C9F2952B08DD0200F6C220 /* Alamofire in Frameworks */ = {isa = PBXBuildFile; productRef = 84C9F2942B08DD0200F6C220 /* Alamofire */; };
/* End PBXBuildFile section */

/* Begin PBXFileReference section */
		841B93702B035FE200B03CA5 /* UserActionCell.swift */ = {isa = PBXFileReference; lastKnownFileType = sourcecode.swift; path = UserActionCell.swift; sourceTree = "<group>"; };
		841B93762B036FD800B03CA5 /* UsersListController.swift */ = {isa = PBXFileReference; lastKnownFileType = sourcecode.swift; path = UsersListController.swift; sourceTree = "<group>"; };
		841B93782B036FF700B03CA5 /* UserCell.swift */ = {isa = PBXFileReference; lastKnownFileType = sourcecode.swift; path = UserCell.swift; sourceTree = "<group>"; };
		841B937D2B0372C000B03CA5 /* UserViewController.swift */ = {isa = PBXFileReference; lastKnownFileType = sourcecode.swift; path = UserViewController.swift; sourceTree = "<group>"; };
		841B937F2B03756500B03CA5 /* NeworkManager.swift */ = {isa = PBXFileReference; lastKnownFileType = sourcecode.swift; path = NeworkManager.swift; sourceTree = "<group>"; };
		845F37A42B00BD8900CB43BE /* fetchData.app */ = {isa = PBXFileReference; explicitFileType = wrapper.application; includeInIndex = 0; path = fetchData.app; sourceTree = BUILT_PRODUCTS_DIR; };
		845F37A72B00BD8900CB43BE /* AppDelegate.swift */ = {isa = PBXFileReference; lastKnownFileType = sourcecode.swift; path = AppDelegate.swift; sourceTree = "<group>"; };
		845F37A92B00BD8900CB43BE /* SceneDelegate.swift */ = {isa = PBXFileReference; lastKnownFileType = sourcecode.swift; path = SceneDelegate.swift; sourceTree = "<group>"; };
		845F37B02B00BD8A00CB43BE /* Assets.xcassets */ = {isa = PBXFileReference; lastKnownFileType = folder.assetcatalog; path = Assets.xcassets; sourceTree = "<group>"; };
		845F37B32B00BD8A00CB43BE /* Base */ = {isa = PBXFileReference; lastKnownFileType = file.storyboard; name = Base; path = Base.lproj/LaunchScreen.storyboard; sourceTree = "<group>"; };
		845F37B52B00BD8A00CB43BE /* Info.plist */ = {isa = PBXFileReference; lastKnownFileType = text.plist.xml; path = Info.plist; sourceTree = "<group>"; };
		845F37BE2B00CE5C00CB43BE /* MainViewController.swift */ = {isa = PBXFileReference; lastKnownFileType = sourcecode.swift; path = MainViewController.swift; sourceTree = "<group>"; };
		845F37C82B00D2B300CB43BE /* User.swift */ = {isa = PBXFileReference; lastKnownFileType = sourcecode.swift; path = User.swift; sourceTree = "<group>"; };
		845F37CA2B00D73A00CB43BE /* Main.storyboard */ = {isa = PBXFileReference; lastKnownFileType = file.storyboard; path = Main.storyboard; sourceTree = "<group>"; };
/* End PBXFileReference section */

/* Begin PBXFrameworksBuildPhase section */
		845F37A12B00BD8900CB43BE /* Frameworks */ = {
			isa = PBXFrameworksBuildPhase;
			buildActionMask = 2147483647;
			files = (
				84C9F2952B08DD0200F6C220 /* Alamofire in Frameworks */,
			);
			runOnlyForDeploymentPostprocessing = 0;
		};
/* End PBXFrameworksBuildPhase section */

/* Begin PBXGroup section */
		841B936F2B035FA800B03CA5 /* Views */ = {
			isa = PBXGroup;
			children = (
				841B93752B036BF500B03CA5 /* Users */,
				841B93742B036BD000B03CA5 /* Actions */,
			);
			path = Views;
			sourceTree = "<group>";
		};
		841B93742B036BD000B03CA5 /* Actions */ = {
			isa = PBXGroup;
			children = (
				845F37BE2B00CE5C00CB43BE /* MainViewController.swift */,
				841B93702B035FE200B03CA5 /* UserActionCell.swift */,
			);
			path = Actions;
			sourceTree = "<group>";
		};
		841B93752B036BF500B03CA5 /* Users */ = {
			isa = PBXGroup;
			children = (
				841B93762B036FD800B03CA5 /* UsersListController.swift */,
				841B93782B036FF700B03CA5 /* UserCell.swift */,
				841B937D2B0372C000B03CA5 /* UserViewController.swift */,
			);
			path = Users;
			sourceTree = "<group>";
		};
		845F379B2B00BD8900CB43BE = {
			isa = PBXGroup;
			children = (
				845F37A62B00BD8900CB43BE /* fetchData */,
				845F37A52B00BD8900CB43BE /* Products */,
			);
			sourceTree = "<group>";
		};
		845F37A52B00BD8900CB43BE /* Products */ = {
			isa = PBXGroup;
			children = (
				845F37A42B00BD8900CB43BE /* fetchData.app */,
			);
			name = Products;
			sourceTree = "<group>";
		};
		845F37A62B00BD8900CB43BE /* fetchData */ = {
			isa = PBXGroup;
			children = (
				845F37BB2B00BE1200CB43BE /* App */,
				841B936F2B035FA800B03CA5 /* Views */,
				845F37C72B00D27A00CB43BE /* Models */,
				845F37CC2B02CAF100CB43BE /* Services */,
				845F37C62B00D0F000CB43BE /* Sources */,
				845F37C52B00D0DB00CB43BE /* Storyboards */,
			);
			path = fetchData;
			sourceTree = "<group>";
		};
		845F37BB2B00BE1200CB43BE /* App */ = {
			isa = PBXGroup;
			children = (
				845F37A72B00BD8900CB43BE /* AppDelegate.swift */,
				845F37A92B00BD8900CB43BE /* SceneDelegate.swift */,
				845F37B52B00BD8A00CB43BE /* Info.plist */,
			);
			path = App;
			sourceTree = "<group>";
		};
		845F37C52B00D0DB00CB43BE /* Storyboards */ = {
			isa = PBXGroup;
			children = (
				845F37B22B00BD8A00CB43BE /* LaunchScreen.storyboard */,
				845F37CA2B00D73A00CB43BE /* Main.storyboard */,
			);
			path = Storyboards;
			sourceTree = "<group>";
		};
		845F37C62B00D0F000CB43BE /* Sources */ = {
			isa = PBXGroup;
			children = (
				845F37B02B00BD8A00CB43BE /* Assets.xcassets */,
			);
			path = Sources;
			sourceTree = "<group>";
		};
		845F37C72B00D27A00CB43BE /* Models */ = {
			isa = PBXGroup;
			children = (
				845F37C82B00D2B300CB43BE /* User.swift */,
			);
			path = Models;
			sourceTree = "<group>";
		};
		845F37CC2B02CAF100CB43BE /* Services */ = {
			isa = PBXGroup;
			children = (
				841B937F2B03756500B03CA5 /* NeworkManager.swift */,
			);
			path = Services;
			sourceTree = "<group>";
		};
/* End PBXGroup section */

/* Begin PBXNativeTarget section */
		845F37A32B00BD8900CB43BE /* fetchData */ = {
			isa = PBXNativeTarget;
			buildConfigurationList = 845F37B82B00BD8A00CB43BE /* Build configuration list for PBXNativeTarget "fetchData" */;
			buildPhases = (
				845F37A02B00BD8900CB43BE /* Sources */,
				845F37A12B00BD8900CB43BE /* Frameworks */,
				845F37A22B00BD8900CB43BE /* Resources */,
			);
			buildRules = (
			);
			dependencies = (
			);
			name = fetchData;
			packageProductDependencies = (
				84C9F2942B08DD0200F6C220 /* Alamofire */,
			);
			productName = fetchData;
			productReference = 845F37A42B00BD8900CB43BE /* fetchData.app */;
			productType = "com.apple.product-type.application";
		};
/* End PBXNativeTarget section */

/* Begin PBXProject section */
		845F379C2B00BD8900CB43BE /* Project object */ = {
			isa = PBXProject;
			attributes = {
				BuildIndependentTargetsInParallel = 1;
				LastSwiftUpdateCheck = 1510;
				LastUpgradeCheck = 1510;
				TargetAttributes = {
					845F37A32B00BD8900CB43BE = {
						CreatedOnToolsVersion = 15.1;
					};
				};
			};
			buildConfigurationList = 845F379F2B00BD8900CB43BE /* Build configuration list for PBXProject "fetchData" */;
			compatibilityVersion = "Xcode 14.0";
			developmentRegion = en;
			hasScannedForEncodings = 0;
			knownRegions = (
				en,
				Base,
			);
			mainGroup = 845F379B2B00BD8900CB43BE;
			packageReferences = (
				84C9F2932B08DD0200F6C220 /* XCRemoteSwiftPackageReference "Alamofire" */,
			);
			productRefGroup = 845F37A52B00BD8900CB43BE /* Products */;
			projectDirPath = "";
			projectRoot = "";
			targets = (
				845F37A32B00BD8900CB43BE /* fetchData */,
			);
		};
/* End PBXProject section */

/* Begin PBXResourcesBuildPhase section */
		845F37A22B00BD8900CB43BE /* Resources */ = {
			isa = PBXResourcesBuildPhase;
			buildActionMask = 2147483647;
			files = (
				845F37CB2B00D73A00CB43BE /* Main.storyboard in Resources */,
				845F37B42B00BD8A00CB43BE /* LaunchScreen.storyboard in Resources */,
				845F37B12B00BD8A00CB43BE /* Assets.xcassets in Resources */,
			);
			runOnlyForDeploymentPostprocessing = 0;
		};
/* End PBXResourcesBuildPhase section */

/* Begin PBXSourcesBuildPhase section */
		845F37A02B00BD8900CB43BE /* Sources */ = {
			isa = PBXSourcesBuildPhase;
			buildActionMask = 2147483647;
			files = (
				841B93792B036FF700B03CA5 /* UserCell.swift in Sources */,
				841B93802B03756500B03CA5 /* NeworkManager.swift in Sources */,
				841B937E2B0372C000B03CA5 /* UserViewController.swift in Sources */,
				841B93712B035FE200B03CA5 /* UserActionCell.swift in Sources */,
				845F37C92B00D2B400CB43BE /* User.swift in Sources */,
				845F37C02B00CE5C00CB43BE /* MainViewController.swift in Sources */,
				845F37A82B00BD8900CB43BE /* AppDelegate.swift in Sources */,
				841B93772B036FD800B03CA5 /* UsersListController.swift in Sources */,
				845F37AA2B00BD8900CB43BE /* SceneDelegate.swift in Sources */,
			);
			runOnlyForDeploymentPostprocessing = 0;
		};
/* End PBXSourcesBuildPhase section */

/* Begin PBXVariantGroup section */
		845F37B22B00BD8A00CB43BE /* LaunchScreen.storyboard */ = {
			isa = PBXVariantGroup;
			children = (
				845F37B32B00BD8A00CB43BE /* Base */,
			);
			name = LaunchScreen.storyboard;
			sourceTree = "<group>";
		};
/* End PBXVariantGroup section */

/* Begin XCBuildConfiguration section */
		845F37B62B00BD8A00CB43BE /* Debug */ = {
			isa = XCBuildConfiguration;
			buildSettings = {
				ALWAYS_SEARCH_USER_PATHS = NO;
				ASSETCATALOG_COMPILER_GENERATE_SWIFT_ASSET_SYMBOL_EXTENSIONS = YES;
				CLANG_ANALYZER_NONNULL = YES;
				CLANG_ANALYZER_NUMBER_OBJECT_CONVERSION = YES_AGGRESSIVE;
				CLANG_CXX_LANGUAGE_STANDARD = "gnu++20";
				CLANG_ENABLE_MODULES = YES;
				CLANG_ENABLE_OBJC_ARC = YES;
				CLANG_ENABLE_OBJC_WEAK = YES;
				CLANG_WARN_BLOCK_CAPTURE_AUTORELEASING = YES;
				CLANG_WARN_BOOL_CONVERSION = YES;
				CLANG_WARN_COMMA = YES;
				CLANG_WARN_CONSTANT_CONVERSION = YES;
				CLANG_WARN_DEPRECATED_OBJC_IMPLEMENTATIONS = YES;
				CLANG_WARN_DIRECT_OBJC_ISA_USAGE = YES_ERROR;
				CLANG_WARN_DOCUMENTATION_COMMENTS = YES;
				CLANG_WARN_EMPTY_BODY = YES;
				CLANG_WARN_ENUM_CONVERSION = YES;
				CLANG_WARN_INFINITE_RECURSION = YES;
				CLANG_WARN_INT_CONVERSION = YES;
				CLANG_WARN_NON_LITERAL_NULL_CONVERSION = YES;
				CLANG_WARN_OBJC_IMPLICIT_RETAIN_SELF = YES;
				CLANG_WARN_OBJC_LITERAL_CONVERSION = YES;
				CLANG_WARN_OBJC_ROOT_CLASS = YES_ERROR;
				CLANG_WARN_QUOTED_INCLUDE_IN_FRAMEWORK_HEADER = YES;
				CLANG_WARN_RANGE_LOOP_ANALYSIS = YES;
				CLANG_WARN_STRICT_PROTOTYPES = YES;
				CLANG_WARN_SUSPICIOUS_MOVE = YES;
				CLANG_WARN_UNGUARDED_AVAILABILITY = YES_AGGRESSIVE;
				CLANG_WARN_UNREACHABLE_CODE = YES;
				CLANG_WARN__DUPLICATE_METHOD_MATCH = YES;
				COPY_PHASE_STRIP = NO;
				DEBUG_INFORMATION_FORMAT = dwarf;
				ENABLE_STRICT_OBJC_MSGSEND = YES;
				ENABLE_TESTABILITY = YES;
				ENABLE_USER_SCRIPT_SANDBOXING = YES;
				GCC_C_LANGUAGE_STANDARD = gnu17;
				GCC_DYNAMIC_NO_PIC = NO;
				GCC_NO_COMMON_BLOCKS = YES;
				GCC_OPTIMIZATION_LEVEL = 0;
				GCC_PREPROCESSOR_DEFINITIONS = (
					"DEBUG=1",
					"$(inherited)",
				);
				GCC_WARN_64_TO_32_BIT_CONVERSION = YES;
				GCC_WARN_ABOUT_RETURN_TYPE = YES_ERROR;
				GCC_WARN_UNDECLARED_SELECTOR = YES;
				GCC_WARN_UNINITIALIZED_AUTOS = YES_AGGRESSIVE;
				GCC_WARN_UNUSED_FUNCTION = YES;
				GCC_WARN_UNUSED_VARIABLE = YES;
				IPHONEOS_DEPLOYMENT_TARGET = 17.2;
				LOCALIZATION_PREFERS_STRING_CATALOGS = YES;
				MTL_ENABLE_DEBUG_INFO = INCLUDE_SOURCE;
				MTL_FAST_MATH = YES;
				ONLY_ACTIVE_ARCH = YES;
				SDKROOT = iphoneos;
				SWIFT_ACTIVE_COMPILATION_CONDITIONS = "DEBUG $(inherited)";
				SWIFT_OPTIMIZATION_LEVEL = "-Onone";
			};
			name = Debug;
		};
		845F37B72B00BD8A00CB43BE /* Release */ = {
			isa = XCBuildConfiguration;
			buildSettings = {
				ALWAYS_SEARCH_USER_PATHS = NO;
				ASSETCATALOG_COMPILER_GENERATE_SWIFT_ASSET_SYMBOL_EXTENSIONS = YES;
				CLANG_ANALYZER_NONNULL = YES;
				CLANG_ANALYZER_NUMBER_OBJECT_CONVERSION = YES_AGGRESSIVE;
				CLANG_CXX_LANGUAGE_STANDARD = "gnu++20";
				CLANG_ENABLE_MODULES = YES;
				CLANG_ENABLE_OBJC_ARC = YES;
				CLANG_ENABLE_OBJC_WEAK = YES;
				CLANG_WARN_BLOCK_CAPTURE_AUTORELEASING = YES;
				CLANG_WARN_BOOL_CONVERSION = YES;
				CLANG_WARN_COMMA = YES;
				CLANG_WARN_CONSTANT_CONVERSION = YES;
				CLANG_WARN_DEPRECATED_OBJC_IMPLEMENTATIONS = YES;
				CLANG_WARN_DIRECT_OBJC_ISA_USAGE = YES_ERROR;
				CLANG_WARN_DOCUMENTATION_COMMENTS = YES;
				CLANG_WARN_EMPTY_BODY = YES;
				CLANG_WARN_ENUM_CONVERSION = YES;
				CLANG_WARN_INFINITE_RECURSION = YES;
				CLANG_WARN_INT_CONVERSION = YES;
				CLANG_WARN_NON_LITERAL_NULL_CONVERSION = YES;
				CLANG_WARN_OBJC_IMPLICIT_RETAIN_SELF = YES;
				CLANG_WARN_OBJC_LITERAL_CONVERSION = YES;
				CLANG_WARN_OBJC_ROOT_CLASS = YES_ERROR;
				CLANG_WARN_QUOTED_INCLUDE_IN_FRAMEWORK_HEADER = YES;
				CLANG_WARN_RANGE_LOOP_ANALYSIS = YES;
				CLANG_WARN_STRICT_PROTOTYPES = YES;
				CLANG_WARN_SUSPICIOUS_MOVE = YES;
				CLANG_WARN_UNGUARDED_AVAILABILITY = YES_AGGRESSIVE;
				CLANG_WARN_UNREACHABLE_CODE = YES;
				CLANG_WARN__DUPLICATE_METHOD_MATCH = YES;
				COPY_PHASE_STRIP = NO;
				DEBUG_INFORMATION_FORMAT = "dwarf-with-dsym";
				ENABLE_NS_ASSERTIONS = NO;
				ENABLE_STRICT_OBJC_MSGSEND = YES;
				ENABLE_USER_SCRIPT_SANDBOXING = YES;
				GCC_C_LANGUAGE_STANDARD = gnu17;
				GCC_NO_COMMON_BLOCKS = YES;
				GCC_WARN_64_TO_32_BIT_CONVERSION = YES;
				GCC_WARN_ABOUT_RETURN_TYPE = YES_ERROR;
				GCC_WARN_UNDECLARED_SELECTOR = YES;
				GCC_WARN_UNINITIALIZED_AUTOS = YES_AGGRESSIVE;
				GCC_WARN_UNUSED_FUNCTION = YES;
				GCC_WARN_UNUSED_VARIABLE = YES;
				IPHONEOS_DEPLOYMENT_TARGET = 17.2;
				LOCALIZATION_PREFERS_STRING_CATALOGS = YES;
				MTL_ENABLE_DEBUG_INFO = NO;
				MTL_FAST_MATH = YES;
				SDKROOT = iphoneos;
				SWIFT_COMPILATION_MODE = wholemodule;
				VALIDATE_PRODUCT = YES;
			};
			name = Release;
		};
		845F37B92B00BD8A00CB43BE /* Debug */ = {
			isa = XCBuildConfiguration;
			buildSettings = {
				ASSETCATALOG_COMPILER_APPICON_NAME = AppIcon;
				ASSETCATALOG_COMPILER_GLOBAL_ACCENT_COLOR_NAME = AccentColor;
				CODE_SIGN_STYLE = Automatic;
				CURRENT_PROJECT_VERSION = 1;
				DEVELOPMENT_TEAM = 4MPQBSCSP9;
				GENERATE_INFOPLIST_FILE = YES;
				INFOPLIST_FILE = fetchData/App/Info.plist;
				INFOPLIST_KEY_UIApplicationSupportsIndirectInputEvents = YES;
				INFOPLIST_KEY_UILaunchStoryboardName = LaunchScreen;
				INFOPLIST_KEY_UIMainStoryboardFile = Main;
				INFOPLIST_KEY_UISupportedInterfaceOrientations = UIInterfaceOrientationPortrait;
				INFOPLIST_KEY_UISupportedInterfaceOrientations_iPad = "UIInterfaceOrientationLandscapeLeft UIInterfaceOrientationLandscapeRight UIInterfaceOrientationPortrait UIInterfaceOrientationPortraitUpsideDown";
				IPHONEOS_DEPLOYMENT_TARGET = 16.2;
				LD_RUNPATH_SEARCH_PATHS = (
					"$(inherited)",
					"@executable_path/Frameworks",
				);
				MARKETING_VERSION = 1.0;
				PRODUCT_BUNDLE_IDENTIFIER = "Tim-Halli.fetchData";
				PRODUCT_NAME = "$(TARGET_NAME)";
				SUPPORTED_PLATFORMS = "iphoneos iphonesimulator";
				SUPPORTS_MACCATALYST = NO;
				SUPPORTS_MAC_DESIGNED_FOR_IPHONE_IPAD = NO;
				SUPPORTS_XR_DESIGNED_FOR_IPHONE_IPAD = NO;
				SWIFT_EMIT_LOC_STRINGS = YES;
				SWIFT_VERSION = 5.0;
				TARGETED_DEVICE_FAMILY = 1;
			};
			name = Debug;
		};
		845F37BA2B00BD8A00CB43BE /* Release */ = {
			isa = XCBuildConfiguration;
			buildSettings = {
				ASSETCATALOG_COMPILER_APPICON_NAME = AppIcon;
				ASSETCATALOG_COMPILER_GLOBAL_ACCENT_COLOR_NAME = AccentColor;
				CODE_SIGN_STYLE = Automatic;
				CURRENT_PROJECT_VERSION = 1;
				DEVELOPMENT_TEAM = 4MPQBSCSP9;
				GENERATE_INFOPLIST_FILE = YES;
				INFOPLIST_FILE = fetchData/App/Info.plist;
				INFOPLIST_KEY_UIApplicationSupportsIndirectInputEvents = YES;
				INFOPLIST_KEY_UILaunchStoryboardName = LaunchScreen;
				INFOPLIST_KEY_UIMainStoryboardFile = Main;
				INFOPLIST_KEY_UISupportedInterfaceOrientations = UIInterfaceOrientationPortrait;
				INFOPLIST_KEY_UISupportedInterfaceOrientations_iPad = "UIInterfaceOrientationLandscapeLeft UIInterfaceOrientationLandscapeRight UIInterfaceOrientationPortrait UIInterfaceOrientationPortraitUpsideDown";
				IPHONEOS_DEPLOYMENT_TARGET = 16.2;
				LD_RUNPATH_SEARCH_PATHS = (
					"$(inherited)",
					"@executable_path/Frameworks",
				);
				MARKETING_VERSION = 1.0;
				PRODUCT_BUNDLE_IDENTIFIER = "Tim-Halli.fetchData";
				PRODUCT_NAME = "$(TARGET_NAME)";
				SUPPORTED_PLATFORMS = "iphoneos iphonesimulator";
				SUPPORTS_MACCATALYST = NO;
				SUPPORTS_MAC_DESIGNED_FOR_IPHONE_IPAD = NO;
				SUPPORTS_XR_DESIGNED_FOR_IPHONE_IPAD = NO;
				SWIFT_EMIT_LOC_STRINGS = YES;
				SWIFT_VERSION = 5.0;
				TARGETED_DEVICE_FAMILY = 1;
			};
			name = Release;
		};
/* End XCBuildConfiguration section */

/* Begin XCConfigurationList section */
		845F379F2B00BD8900CB43BE /* Build configuration list for PBXProject "fetchData" */ = {
			isa = XCConfigurationList;
			buildConfigurations = (
				845F37B62B00BD8A00CB43BE /* Debug */,
				845F37B72B00BD8A00CB43BE /* Release */,
			);
			defaultConfigurationIsVisible = 0;
			defaultConfigurationName = Release;
		};
		845F37B82B00BD8A00CB43BE /* Build configuration list for PBXNativeTarget "fetchData" */ = {
			isa = XCConfigurationList;
			buildConfigurations = (
				845F37B92B00BD8A00CB43BE /* Debug */,
				845F37BA2B00BD8A00CB43BE /* Release */,
			);
			defaultConfigurationIsVisible = 0;
			defaultConfigurationName = Release;
		};
/* End XCConfigurationList section */

/* Begin XCRemoteSwiftPackageReference section */
		84C9F2932B08DD0200F6C220 /* XCRemoteSwiftPackageReference "Alamofire" */ = {
			isa = XCRemoteSwiftPackageReference;
			repositoryURL = "https://github.com/Alamofire/Alamofire.git";
			requirement = {
				kind = upToNextMajorVersion;
				minimumVersion = 5.8.1;
			};
		};
/* End XCRemoteSwiftPackageReference section */

/* Begin XCSwiftPackageProductDependency section */
		84C9F2942B08DD0200F6C220 /* Alamofire */ = {
			isa = XCSwiftPackageProductDependency;
			package = 84C9F2932B08DD0200F6C220 /* XCRemoteSwiftPackageReference "Alamofire" */;
			productName = Alamofire;
		};
/* End XCSwiftPackageProductDependency section */
	};
	rootObject = 845F379C2B00BD8900CB43BE /* Project object */;
}
